
Microsoft Visual Studio Solution File, Format Version 12.00
# Visual Studio Version 17
VisualStudioVersion = 17.3.32825.248
MinimumVisualStudioVersion = 10.0.40219.1
Project("{FAE04EC0-301F-11D3-BF4B-00C04F79EFBC}") = "DZ", "DZ\DZ.csproj", "{2867ECD4-ACEF-4BAB-86BB-7DAB75EF1741}"
EndProject
Project("{FAE04EC0-301F-11D3-BF4B-00C04F79EFBC}") = "Tumak", "Tumak\Tumak.csproj", "{BA10D10B-1D4A-48C3-A468-49D09839C0A9}"
EndProject
Global
	GlobalSection(SolutionConfigurationPlatforms) = preSolution
		Debug|Any CPU = Debug|Any CPU
		Release|Any CPU = Release|Any CPU
	EndGlobalSection
	GlobalSection(ProjectConfigurationPlatforms) = postSolution
		{2867ECD4-ACEF-4BAB-86BB-7DAB75EF1741}.Debug|Any CPU.ActiveCfg = Debug|Any CPU
		{2867ECD4-ACEF-4BAB-86BB-7DAB75EF1741}.Debug|Any CPU.Build.0 = Debug|Any CPU
		{2867ECD4-ACEF-4BAB-86BB-7DAB75EF1741}.Release|Any CPU.ActiveCfg = Release|Any CPU
		{2867ECD4-ACEF-4BAB-86BB-7DAB75EF1741}.Release|Any CPU.Build.0 = Release|Any CPU
		{BA10D10B-1D4A-48C3-A468-49D09839C0A9}.Debug|Any CPU.ActiveCfg = Debug|Any CPU
		{BA10D10B-1D4A-48C3-A468-49D09839C0A9}.Debug|Any CPU.Build.0 = Debug|Any CPU
		{BA10D10B-1D4A-48C3-A468-49D09839C0A9}.Release|Any CPU.ActiveCfg = Release|Any CPU
		{BA10D10B-1D4A-48C3-A468-49D09839C0A9}.Release|Any CPU.Build.0 = Release|Any CPU
	EndGlobalSection
	GlobalSection(SolutionProperties) = preSolution
		HideSolutionNode = FALSE
	EndGlobalSection
	GlobalSection(ExtensibilityGlobals) = postSolution
		SolutionGuid = {9F6E13BF-0245-40E9-B0C7-9990C9164139}
	EndGlobalSection
EndGlobal
